
Microsoft Visual Studio Solution File, Format Version 12.00
# Visual Studio 14
VisualStudioVersion = 14.0.25123.0
MinimumVisualStudioVersion = 10.0.40219.1
Project("{FAE04EC0-301F-11D3-BF4B-00C04F79EFBC}") = "SistemaDeVentasSM", "SistemaDeVentas\SistemaDeVentasSM.csproj", "{2139A478-056D-416A-8507-8600B9A89D84}"
EndProject
Project("{FAE04EC0-301F-11D3-BF4B-00C04F79EFBC}") = "DAL", "DAL\DAL.csproj", "{95E06396-845A-4EC6-885F-3CCE07BEFFC7}"
EndProject
Project("{FAE04EC0-301F-11D3-BF4B-00C04F79EFBC}") = "Entidades", "Entidades\Entidades.csproj", "{3930EA26-63C2-4455-8CBA-B2D3D23F202F}"
EndProject
Project("{FAE04EC0-301F-11D3-BF4B-00C04F79EFBC}") = "BLL", "BLL\BLL.csproj", "{6F7E407A-1758-4114-85F7-69DC20EFAFBE}"
EndProject
Global
	GlobalSection(SolutionConfigurationPlatforms) = preSolution
		Debug|Any CPU = Debug|Any CPU
		Debug|x64 = Debug|x64
		Release|Any CPU = Release|Any CPU
		Release|x64 = Release|x64
	EndGlobalSection
	GlobalSection(ProjectConfigurationPlatforms) = postSolution
		{2139A478-056D-416A-8507-8600B9A89D84}.Debug|Any CPU.ActiveCfg = Release|Any CPU
		{2139A478-056D-416A-8507-8600B9A89D84}.Debug|Any CPU.Build.0 = Release|Any CPU
		{2139A478-056D-416A-8507-8600B9A89D84}.Debug|x64.ActiveCfg = Debug|x64
		{2139A478-056D-416A-8507-8600B9A89D84}.Debug|x64.Build.0 = Debug|x64
		{2139A478-056D-416A-8507-8600B9A89D84}.Release|Any CPU.ActiveCfg = Release|Any CPU
		{2139A478-056D-416A-8507-8600B9A89D84}.Release|Any CPU.Build.0 = Release|Any CPU
		{2139A478-056D-416A-8507-8600B9A89D84}.Release|x64.ActiveCfg = Release|x64
		{2139A478-056D-416A-8507-8600B9A89D84}.Release|x64.Build.0 = Release|x64
		{95E06396-845A-4EC6-885F-3CCE07BEFFC7}.Debug|Any CPU.ActiveCfg = Debug|Any CPU
		{95E06396-845A-4EC6-885F-3CCE07BEFFC7}.Debug|Any CPU.Build.0 = Debug|Any CPU
		{95E06396-845A-4EC6-885F-3CCE07BEFFC7}.Debug|x64.ActiveCfg = Debug|Any CPU
		{95E06396-845A-4EC6-885F-3CCE07BEFFC7}.Debug|x64.Build.0 = Debug|Any CPU
		{95E06396-845A-4EC6-885F-3CCE07BEFFC7}.Release|Any CPU.ActiveCfg = Release|Any CPU
		{95E06396-845A-4EC6-885F-3CCE07BEFFC7}.Release|Any CPU.Build.0 = Release|Any CPU
		{95E06396-845A-4EC6-885F-3CCE07BEFFC7}.Release|x64.ActiveCfg = Release|Any CPU
		{95E06396-845A-4EC6-885F-3CCE07BEFFC7}.Release|x64.Build.0 = Release|Any CPU
		{3930EA26-63C2-4455-8CBA-B2D3D23F202F}.Debug|Any CPU.ActiveCfg = Debug|Any CPU
		{3930EA26-63C2-4455-8CBA-B2D3D23F202F}.Debug|Any CPU.Build.0 = Debug|Any CPU
		{3930EA26-63C2-4455-8CBA-B2D3D23F202F}.Debug|x64.ActiveCfg = Debug|Any CPU
		{3930EA26-63C2-4455-8CBA-B2D3D23F202F}.Debug|x64.Build.0 = Debug|Any CPU
		{3930EA26-63C2-4455-8CBA-B2D3D23F202F}.Release|Any CPU.ActiveCfg = Release|Any CPU
		{3930EA26-63C2-4455-8CBA-B2D3D23F202F}.Release|Any CPU.Build.0 = Release|Any CPU
		{3930EA26-63C2-4455-8CBA-B2D3D23F202F}.Release|x64.ActiveCfg = Release|Any CPU
		{3930EA26-63C2-4455-8CBA-B2D3D23F202F}.Release|x64.Build.0 = Release|Any CPU
		{6F7E407A-1758-4114-85F7-69DC20EFAFBE}.Debug|Any CPU.ActiveCfg = Debug|Any CPU
		{6F7E407A-1758-4114-85F7-69DC20EFAFBE}.Debug|Any CPU.Build.0 = Debug|Any CPU
		{6F7E407A-1758-4114-85F7-69DC20EFAFBE}.Debug|x64.ActiveCfg = Debug|Any CPU
		{6F7E407A-1758-4114-85F7-69DC20EFAFBE}.Debug|x64.Build.0 = Debug|Any CPU
		{6F7E407A-1758-4114-85F7-69DC20EFAFBE}.Release|Any CPU.ActiveCfg = Release|Any CPU
		{6F7E407A-1758-4114-85F7-69DC20EFAFBE}.Release|Any CPU.Build.0 = Release|Any CPU
		{6F7E407A-1758-4114-85F7-69DC20EFAFBE}.Release|x64.ActiveCfg = Release|Any CPU
		{6F7E407A-1758-4114-85F7-69DC20EFAFBE}.Release|x64.Build.0 = Release|Any CPU
	EndGlobalSection
	GlobalSection(SolutionProperties) = preSolution
		HideSolutionNode = FALSE
	EndGlobalSection
EndGlobal
